
Microsoft Visual Studio Solution File, Format Version 12.00
# Visual Studio Version 17
VisualStudioVersion = 17.5.33502.453
MinimumVisualStudioVersion = 10.0.40219.1
Project("{FAE04EC0-301F-11D3-BF4B-00C04F79EFBC}") = "BlackJack_helper", "BlackJeck_helper\BlackJack_helper.csproj", "{87F1729F-F02E-4EBC-9A43-E3E45996E189}"
EndProject
Global
	GlobalSection(SolutionConfigurationPlatforms) = preSolution
		Debug|Any CPU = Debug|Any CPU
		Release|Any CPU = Release|Any CPU
	EndGlobalSection
	GlobalSection(ProjectConfigurationPlatforms) = postSolution
		{87F1729F-F02E-4EBC-9A43-E3E45996E189}.Debug|Any CPU.ActiveCfg = Debug|Any CPU
		{87F1729F-F02E-4EBC-9A43-E3E45996E189}.Debug|Any CPU.Build.0 = Debug|Any CPU
		{87F1729F-F02E-4EBC-9A43-E3E45996E189}.Release|Any CPU.ActiveCfg = Release|Any CPU
		{87F1729F-F02E-4EBC-9A43-E3E45996E189}.Release|Any CPU.Build.0 = Release|Any CPU
	EndGlobalSection
	GlobalSection(SolutionProperties) = preSolution
		HideSolutionNode = FALSE
	EndGlobalSection
	GlobalSection(ExtensibilityGlobals) = postSolution
		SolutionGuid = {E3EFCBEC-490E-46A4-A955-D85B1F6AA086}
	EndGlobalSection
EndGlobal
